{
  "name": "setup-mabl-cli",
  "version": "0.0.1",
  "lockfileVersion": 1,
  "requires": true,
  "dependencies": {
    "@actions/core": {
      "version": "1.2.0",
      "resolved": "https://longreen.jfrog.io/longreen/api/npm/npm/@actions/core/-/core-1.2.0.tgz",
      "integrity": "sha1-ql9Ssmw2LIIdQVV+WZNxpC9sCz0="
    },
    "@actions/exec": {
      "version": "1.0.1",
      "resolved": "https://longreen.jfrog.io/longreen/api/npm/npm/@actions/exec/-/exec-1.0.1.tgz",
      "integrity": "sha1-FiS1QRZWl+cAjXyHvB9p8ZEmPGw="
    },
    "@types/node": {
      "version": "12.12.7",
      "resolved": "https://longreen.jfrog.io/longreen/api/npm/npm/@types/node/-/node-12.12.7.tgz",
      "integrity": "sha1-AeTqck2eO9UNkMEf1ZgLoxfY+hE=",
      "dev": true
    }
  }
}
